
Microsoft Visual Studio Solution File, Format Version 12.00
# Visual Studio Version 17
VisualStudioVersion = 17.3.32922.545
MinimumVisualStudioVersion = 10.0.40219.1
Project("{FAE04EC0-301F-11D3-BF4B-00C04F79EFBC}") = "Ses_Lab_1", "Ses_Lab_1\Ses_Lab_1.csproj", "{DA72E5F4-D9CB-4C67-BE5A-7C73429A080B}"
EndProject
Global
	GlobalSection(SolutionConfigurationPlatforms) = preSolution
		Debug|Any CPU = Debug|Any CPU
		Release|Any CPU = Release|Any CPU
	EndGlobalSection
	GlobalSection(ProjectConfigurationPlatforms) = postSolution
		{DA72E5F4-D9CB-4C67-BE5A-7C73429A080B}.Debug|Any CPU.ActiveCfg = Debug|Any CPU
		{DA72E5F4-D9CB-4C67-BE5A-7C73429A080B}.Debug|Any CPU.Build.0 = Debug|Any CPU
		{DA72E5F4-D9CB-4C67-BE5A-7C73429A080B}.Release|Any CPU.ActiveCfg = Release|Any CPU
		{DA72E5F4-D9CB-4C67-BE5A-7C73429A080B}.Release|Any CPU.Build.0 = Release|Any CPU
	EndGlobalSection
	GlobalSection(SolutionProperties) = preSolution
		HideSolutionNode = FALSE
	EndGlobalSection
	GlobalSection(ExtensibilityGlobals) = postSolution
		SolutionGuid = {D3F9A53D-3312-4407-8A73-C657B23AD2B1}
	EndGlobalSection
EndGlobal
