
Microsoft Visual Studio Solution File, Format Version 12.00
# Visual Studio Version 17
VisualStudioVersion = 17.3.32922.545
MinimumVisualStudioVersion = 10.0.40219.1
Project("{FAE04EC0-301F-11D3-BF4B-00C04F79EFBC}") = "Lab_1", "Lab_1\Lab_1.csproj", "{1B89EC31-A4AB-4F8C-96E4-1B6BEC90A83E}"
EndProject
Project("{FAE04EC0-301F-11D3-BF4B-00C04F79EFBC}") = "Lab_1_2", "Lab_1_Task_2\Lab_1_2.csproj", "{47CC3AB5-F260-4FD1-8683-2FD506A3172C}"
EndProject
Project("{FAE04EC0-301F-11D3-BF4B-00C04F79EFBC}") = "Lab_1_3", "Lab_1_3\Lab_1_3.csproj", "{132D3471-78DD-4642-BADE-A00211BE4A68}"
EndProject
Global
	GlobalSection(SolutionConfigurationPlatforms) = preSolution
		Debug|Any CPU = Debug|Any CPU
		Release|Any CPU = Release|Any CPU
	EndGlobalSection
	GlobalSection(ProjectConfigurationPlatforms) = postSolution
		{1B89EC31-A4AB-4F8C-96E4-1B6BEC90A83E}.Debug|Any CPU.ActiveCfg = Debug|Any CPU
		{1B89EC31-A4AB-4F8C-96E4-1B6BEC90A83E}.Debug|Any CPU.Build.0 = Debug|Any CPU
		{1B89EC31-A4AB-4F8C-96E4-1B6BEC90A83E}.Release|Any CPU.ActiveCfg = Release|Any CPU
		{1B89EC31-A4AB-4F8C-96E4-1B6BEC90A83E}.Release|Any CPU.Build.0 = Release|Any CPU
		{47CC3AB5-F260-4FD1-8683-2FD506A3172C}.Debug|Any CPU.ActiveCfg = Debug|Any CPU
		{47CC3AB5-F260-4FD1-8683-2FD506A3172C}.Debug|Any CPU.Build.0 = Debug|Any CPU
		{47CC3AB5-F260-4FD1-8683-2FD506A3172C}.Release|Any CPU.ActiveCfg = Release|Any CPU
		{47CC3AB5-F260-4FD1-8683-2FD506A3172C}.Release|Any CPU.Build.0 = Release|Any CPU
		{132D3471-78DD-4642-BADE-A00211BE4A68}.Debug|Any CPU.ActiveCfg = Debug|Any CPU
		{132D3471-78DD-4642-BADE-A00211BE4A68}.Debug|Any CPU.Build.0 = Debug|Any CPU
		{132D3471-78DD-4642-BADE-A00211BE4A68}.Release|Any CPU.ActiveCfg = Release|Any CPU
		{132D3471-78DD-4642-BADE-A00211BE4A68}.Release|Any CPU.Build.0 = Release|Any CPU
	EndGlobalSection
	GlobalSection(SolutionProperties) = preSolution
		HideSolutionNode = FALSE
	EndGlobalSection
	GlobalSection(ExtensibilityGlobals) = postSolution
		SolutionGuid = {7AE1D6F8-9FDC-4377-B816-5223A21D2246}
	EndGlobalSection
EndGlobal
