
Microsoft Visual Studio Solution File, Format Version 12.00
# Visual Studio Version 17
VisualStudioVersion = 17.3.32922.545
MinimumVisualStudioVersion = 10.0.40219.1
Project("{FAE04EC0-301F-11D3-BF4B-00C04F79EFBC}") = "Lab_2", "Lab_2\Lab_2.csproj", "{4AE742F5-3D11-4BB6-843A-6E6C4FEDD478}"
EndProject
Project("{FAE04EC0-301F-11D3-BF4B-00C04F79EFBC}") = "Lab_2_2", "Lab_2_2\Lab_2_2.csproj", "{3CDA6BF4-3453-4C36-9975-157FF6F29414}"
EndProject
Project("{FAE04EC0-301F-11D3-BF4B-00C04F79EFBC}") = "Lab_2_3", "Lab_2_3\Lab_2_3.csproj", "{9B99271D-6CAB-4912-89B1-3EBC00849A00}"
EndProject
Global
	GlobalSection(SolutionConfigurationPlatforms) = preSolution
		Debug|Any CPU = Debug|Any CPU
		Release|Any CPU = Release|Any CPU
	EndGlobalSection
	GlobalSection(ProjectConfigurationPlatforms) = postSolution
		{4AE742F5-3D11-4BB6-843A-6E6C4FEDD478}.Debug|Any CPU.ActiveCfg = Debug|Any CPU
		{4AE742F5-3D11-4BB6-843A-6E6C4FEDD478}.Debug|Any CPU.Build.0 = Debug|Any CPU
		{4AE742F5-3D11-4BB6-843A-6E6C4FEDD478}.Release|Any CPU.ActiveCfg = Release|Any CPU
		{4AE742F5-3D11-4BB6-843A-6E6C4FEDD478}.Release|Any CPU.Build.0 = Release|Any CPU
		{3CDA6BF4-3453-4C36-9975-157FF6F29414}.Debug|Any CPU.ActiveCfg = Debug|Any CPU
		{3CDA6BF4-3453-4C36-9975-157FF6F29414}.Debug|Any CPU.Build.0 = Debug|Any CPU
		{3CDA6BF4-3453-4C36-9975-157FF6F29414}.Release|Any CPU.ActiveCfg = Release|Any CPU
		{3CDA6BF4-3453-4C36-9975-157FF6F29414}.Release|Any CPU.Build.0 = Release|Any CPU
		{9B99271D-6CAB-4912-89B1-3EBC00849A00}.Debug|Any CPU.ActiveCfg = Debug|Any CPU
		{9B99271D-6CAB-4912-89B1-3EBC00849A00}.Debug|Any CPU.Build.0 = Debug|Any CPU
		{9B99271D-6CAB-4912-89B1-3EBC00849A00}.Release|Any CPU.ActiveCfg = Release|Any CPU
		{9B99271D-6CAB-4912-89B1-3EBC00849A00}.Release|Any CPU.Build.0 = Release|Any CPU
	EndGlobalSection
	GlobalSection(SolutionProperties) = preSolution
		HideSolutionNode = FALSE
	EndGlobalSection
	GlobalSection(ExtensibilityGlobals) = postSolution
		SolutionGuid = {7DA0F412-C86D-4453-A7FA-B80A6ED979A1}
	EndGlobalSection
EndGlobal
